Microsoft Visual Studio Solution File, Format Version 11.00
# Visual Studio 2017

Project("{8BC9CEB8-8B4A-11D0-8D11-00A0C91BC942}") = "MixFlow - App", "MixFlow_App.vcxproj", "{AAEFC64C-181A-4269-7BD9-1E82B326CD8E}"
EndProject
Global
	GlobalSection(SolutionConfigurationPlatforms) = preSolution
		Debug|x64 = Debug|x64
		Release|x64 = Release|x64
	EndGlobalSection
	GlobalSection(ProjectConfigurationPlatforms) = postSolution
		{AAEFC64C-181A-4269-7BD9-1E82B326CD8E}.Debug|x64.ActiveCfg = Debug|x64
		{AAEFC64C-181A-4269-7BD9-1E82B326CD8E}.Debug|x64.Build.0 = Debug|x64
		{AAEFC64C-181A-4269-7BD9-1E82B326CD8E}.Release|x64.ActiveCfg = Release|x64
		{AAEFC64C-181A-4269-7BD9-1E82B326CD8E}.Release|x64.Build.0 = Release|x64
	EndGlobalSection
	GlobalSection(SolutionProperties) = preSolution
		HideSolutionNode = FALSE
	EndGlobalSection
EndGlobal
